
Microsoft Visual Studio Solution File, Format Version 12.00
# Visual Studio Version 17
VisualStudioVersion = 17.14.37203.1 d17.14
MinimumVisualStudioVersion = 10.0.40219.1
Project("{FAE04EC0-301F-11D3-BF4B-00C04F79EFBC}") = "DemoService", "DemoService\DemoService.csproj", "{EFD63155-C2A7-4EC4-9598-A3E05E8D1D1D}"
EndProject
Global
	GlobalSection(SolutionConfigurationPlatforms) = preSolution
		Debug|Any CPU = Debug|Any CPU
		Release|Any CPU = Release|Any CPU
	EndGlobalSection
	GlobalSection(ProjectConfigurationPlatforms) = postSolution
		{EFD63155-C2A7-4EC4-9598-A3E05E8D1D1D}.Debug|Any CPU.ActiveCfg = Debug|Any CPU
		{EFD63155-C2A7-4EC4-9598-A3E05E8D1D1D}.Debug|Any CPU.Build.0 = Debug|Any CPU
		{EFD63155-C2A7-4EC4-9598-A3E05E8D1D1D}.Release|Any CPU.ActiveCfg = Release|Any CPU
		{EFD63155-C2A7-4EC4-9598-A3E05E8D1D1D}.Release|Any CPU.Build.0 = Release|Any CPU
	EndGlobalSection
	GlobalSection(SolutionProperties) = preSolution
		HideSolutionNode = FALSE
	EndGlobalSection
	GlobalSection(ExtensibilityGlobals) = postSolution
		SolutionGuid = {2BE1FADA-5A5F-415A-8B45-82862A20CEAA}
	EndGlobalSection
EndGlobal
